// !$*UTF8*$!
{
	archiveVersion = 1;
	classes = {
	};
	objectVersion = 55;
	objects = {

/* Begin PBXBuildFile section */
		1D88136329040F0800011C7F /* TotalBillVIew.swift in Sources */ = {isa = PBXBuildFile; fileRef = 1D88136229040F0800011C7F /* TotalBillVIew.swift */; };
		1D8813652904194400011C7F /* NumberOfPersonsView.swift in Sources */ = {isa = PBXBuildFile; fileRef = 1D8813642904194400011C7F /* NumberOfPersonsView.swift */; };
		1DF84AB6290549A300958462 /* TipsCollectionViewCell.swift in Sources */ = {isa = PBXBuildFile; fileRef = 1DF84AB5290549A300958462 /* TipsCollectionViewCell.swift */; };
		1DF84AB929054AF300958462 /* TipsView.swift in Sources */ = {isa = PBXBuildFile; fileRef = 1DF84AB829054AF300958462 /* TipsView.swift */; };
		1DFA03312903356300622073 /* AppDelegate.swift in Sources */ = {isa = PBXBuildFile; fileRef = 1DFA03302903356300622073 /* AppDelegate.swift */; };
		1DFA03332903356300622073 /* SceneDelegate.swift in Sources */ = {isa = PBXBuildFile; fileRef = 1DFA03322903356300622073 /* SceneDelegate.swift */; };
		1DFA03352903356300622073 /* MainViewController.swift in Sources */ = {isa = PBXBuildFile; fileRef = 1DFA03342903356300622073 /* MainViewController.swift */; };
		1DFA033A2903356500622073 /* Assets.xcassets in Resources */ = {isa = PBXBuildFile; fileRef = 1DFA03392903356500622073 /* Assets.xcassets */; };
/* End PBXBuildFile section */

/* Begin PBXFileReference section */
		1D88136229040F0800011C7F /* TotalBillVIew.swift */ = {isa = PBXFileReference; lastKnownFileType = sourcecode.swift; path = TotalBillVIew.swift; sourceTree = "<group>"; };
		1D8813642904194400011C7F /* NumberOfPersonsView.swift */ = {isa = PBXFileReference; lastKnownFileType = sourcecode.swift; path = NumberOfPersonsView.swift; sourceTree = "<group>"; };
		1DF84AB5290549A300958462 /* TipsCollectionViewCell.swift */ = {isa = PBXFileReference; lastKnownFileType = sourcecode.swift; path = TipsCollectionViewCell.swift; sourceTree = "<group>"; };
		1DF84AB829054AF300958462 /* TipsView.swift */ = {isa = PBXFileReference; lastKnownFileType = sourcecode.swift; path = TipsView.swift; sourceTree = "<group>"; };
		1DFA032D2903356300622073 /* TotalBill.app */ = {isa = PBXFileReference; explicitFileType = wrapper.application; includeInIndex = 0; path = TotalBill.app; sourceTree = BUILT_PRODUCTS_DIR; };
		1DFA03302903356300622073 /* AppDelegate.swift */ = {isa = PBXFileReference; lastKnownFileType = sourcecode.swift; path = AppDelegate.swift; sourceTree = "<group>"; };
		1DFA03322903356300622073 /* SceneDelegate.swift */ = {isa = PBXFileReference; lastKnownFileType = sourcecode.swift; path = SceneDelegate.swift; sourceTree = "<group>"; };
		1DFA03342903356300622073 /* MainViewController.swift */ = {isa = PBXFileReference; lastKnownFileType = sourcecode.swift; path = MainViewController.swift; sourceTree = "<group>"; };
		1DFA03392903356500622073 /* Assets.xcassets */ = {isa = PBXFileReference; lastKnownFileType = folder.assetcatalog; path = Assets.xcassets; sourceTree = "<group>"; };
		1DFA033E2903356500622073 /* Info.plist */ = {isa = PBXFileReference; lastKnownFileType = text.plist.xml; path = Info.plist; sourceTree = "<group>"; };
/* End PBXFileReference section */

/* Begin PBXFrameworksBuildPhase section */
		1DFA032A2903356300622073 /* Frameworks */ = {
			isa = PBXFrameworksBuildPhase;
			buildActionMask = 2147483647;
			files = (
			);
			runOnlyForDeploymentPostprocessing = 0;
		};
/* End PBXFrameworksBuildPhase section */

/* Begin PBXGroup section */
		1D88135F29040EB900011C7F /* SupportingFiles */ = {
			isa = PBXGroup;
			children = (
				1DFA03302903356300622073 /* AppDelegate.swift */,
				1DFA03322903356300622073 /* SceneDelegate.swift */,
				1DFA033E2903356500622073 /* Info.plist */,
			);
			path = SupportingFiles;
			sourceTree = "<group>";
		};
		1D88136029040ED600011C7F /* Resource */ = {
			isa = PBXGroup;
			children = (
				1DFA03392903356500622073 /* Assets.xcassets */,
			);
			path = Resource;
			sourceTree = "<group>";
		};
		1D88136129040EDC00011C7F /* ViewControllers */ = {
			isa = PBXGroup;
			children = (
				1DFA03342903356300622073 /* MainViewController.swift */,
				1D88136229040F0800011C7F /* TotalBillVIew.swift */,
				1D8813642904194400011C7F /* NumberOfPersonsView.swift */,
				1DF84AB829054AF300958462 /* TipsView.swift */,
				1DF84AB729054A6B00958462 /* Cells */,
			);
			path = ViewControllers;
			sourceTree = "<group>";
		};
		1DF84AB729054A6B00958462 /* Cells */ = {
			isa = PBXGroup;
			children = (
				1DF84AB5290549A300958462 /* TipsCollectionViewCell.swift */,
			);
			path = Cells;
			sourceTree = "<group>";
		};
		1DFA03242903356300622073 = {
			isa = PBXGroup;
			children = (
				1DFA032F2903356300622073 /* TotalBill */,
				1DFA032E2903356300622073 /* Products */,
			);
			sourceTree = "<group>";
		};
		1DFA032E2903356300622073 /* Products */ = {
			isa = PBXGroup;
			children = (
				1DFA032D2903356300622073 /* TotalBill.app */,
			);
			name = Products;
			sourceTree = "<group>";
		};
		1DFA032F2903356300622073 /* TotalBill */ = {
			isa = PBXGroup;
			children = (
				1D88135F29040EB900011C7F /* SupportingFiles */,
				1D88136129040EDC00011C7F /* ViewControllers */,
				1D88136029040ED600011C7F /* Resource */,
			);
			path = TotalBill;
			sourceTree = "<group>";
		};
/* End PBXGroup section */

/* Begin PBXNativeTarget section */
		1DFA032C2903356300622073 /* TotalBill */ = {
			isa = PBXNativeTarget;
			buildConfigurationList = 1DFA03412903356500622073 /* Build configuration list for PBXNativeTarget "TotalBill" */;
			buildPhases = (
				1DFA03292903356300622073 /* Sources */,
				1DFA032A2903356300622073 /* Frameworks */,
				1DFA032B2903356300622073 /* Resources */,
			);
			buildRules = (
			);
			dependencies = (
			);
			name = TotalBill;
			productName = TotalBill;
			productReference = 1DFA032D2903356300622073 /* TotalBill.app */;
			productType = "com.apple.product-type.application";
		};
/* End PBXNativeTarget section */

/* Begin PBXProject section */
		1DFA03252903356300622073 /* Project object */ = {
			isa = PBXProject;
			attributes = {
				BuildIndependentTargetsInParallel = 1;
				LastSwiftUpdateCheck = 1340;
				LastUpgradeCheck = 1340;
				TargetAttributes = {
					1DFA032C2903356300622073 = {
						CreatedOnToolsVersion = 13.4.1;
					};
				};
			};
			buildConfigurationList = 1DFA03282903356300622073 /* Build configuration list for PBXProject "TotalBill" */;
			compatibilityVersion = "Xcode 13.0";
			developmentRegion = en;
			hasScannedForEncodings = 0;
			knownRegions = (
				en,
				Base,
			);
			mainGroup = 1DFA03242903356300622073;
			productRefGroup = 1DFA032E2903356300622073 /* Products */;
			projectDirPath = "";
			projectRoot = "";
			targets = (
				1DFA032C2903356300622073 /* TotalBill */,
			);
		};
/* End PBXProject section */

/* Begin PBXResourcesBuildPhase section */
		1DFA032B2903356300622073 /* Resources */ = {
			isa = PBXResourcesBuildPhase;
			buildActionMask = 2147483647;
			files = (
				1DFA033A2903356500622073 /* Assets.xcassets in Resources */,
			);
			runOnlyForDeploymentPostprocessing = 0;
		};
/* End PBXResourcesBuildPhase section */

/* Begin PBXSourcesBuildPhase section */
		1DFA03292903356300622073 /* Sources */ = {
			isa = PBXSourcesBuildPhase;
			buildActionMask = 2147483647;
			files = (
				1D88136329040F0800011C7F /* TotalBillVIew.swift in Sources */,
				1D8813652904194400011C7F /* NumberOfPersonsView.swift in Sources */,
				1DFA03352903356300622073 /* MainViewController.swift in Sources */,
				1DF84AB929054AF300958462 /* TipsView.swift in Sources */,
				1DF84AB6290549A300958462 /* TipsCollectionViewCell.swift in Sources */,
				1DFA03312903356300622073 /* AppDelegate.swift in Sources */,
				1DFA03332903356300622073 /* SceneDelegate.swift in Sources */,
			);
			runOnlyForDeploymentPostprocessing = 0;
		};
/* End PBXSourcesBuildPhase section */

/* Begin XCBuildConfiguration section */
		1DFA033F2903356500622073 /* Debug */ = {
			isa = XCBuildConfiguration;
			buildSettings = {
				ALWAYS_SEARCH_USER_PATHS = NO;
				CLANG_ANALYZER_NONNULL = YES;
				CLANG_ANALYZER_NUMBER_OBJECT_CONVERSION = YES_AGGRESSIVE;
				CLANG_CXX_LANGUAGE_STANDARD = "gnu++17";
				CLANG_ENABLE_MODULES = YES;
				CLANG_ENABLE_OBJC_ARC = YES;
				CLANG_ENABLE_OBJC_WEAK = YES;
				CLANG_WARN_BLOCK_CAPTURE_AUTORELEASING = YES;
				CLANG_WARN_BOOL_CONVERSION = YES;
				CLANG_WARN_COMMA = YES;
				CLANG_WARN_CONSTANT_CONVERSION = YES;
				CLANG_WARN_DEPRECATED_OBJC_IMPLEMENTATIONS = YES;
				CLANG_WARN_DIRECT_OBJC_ISA_USAGE = YES_ERROR;
				CLANG_WARN_DOCUMENTATION_COMMENTS = YES;
				CLANG_WARN_EMPTY_BODY = YES;
				CLANG_WARN_ENUM_CONVERSION = YES;
				CLANG_WARN_INFINITE_RECURSION = YES;
				CLANG_WARN_INT_CONVERSION = YES;
				CLANG_WARN_NON_LITERAL_NULL_CONVERSION = YES;
				CLANG_WARN_OBJC_IMPLICIT_RETAIN_SELF = YES;
				CLANG_WARN_OBJC_LITERAL_CONVERSION = YES;
				CLANG_WARN_OBJC_ROOT_CLASS = YES_ERROR;
				CLANG_WARN_QUOTED_INCLUDE_IN_FRAMEWORK_HEADER = YES;
				CLANG_WARN_RANGE_LOOP_ANALYSIS = YES;
				CLANG_WARN_STRICT_PROTOTYPES = YES;
				CLANG_WARN_SUSPICIOUS_MOVE = YES;
				CLANG_WARN_UNGUARDED_AVAILABILITY = YES_AGGRESSIVE;
				CLANG_WARN_UNREACHABLE_CODE = YES;
				CLANG_WARN__DUPLICATE_METHOD_MATCH = YES;
				COPY_PHASE_STRIP = NO;
				DEBUG_INFORMATION_FORMAT = dwarf;
				ENABLE_STRICT_OBJC_MSGSEND = YES;
				ENABLE_TESTABILITY = YES;
				GCC_C_LANGUAGE_STANDARD = gnu11;
				GCC_DYNAMIC_NO_PIC = NO;
				GCC_NO_COMMON_BLOCKS = YES;
				GCC_OPTIMIZATION_LEVEL = 0;
				GCC_PREPROCESSOR_DEFINITIONS = (
					"DEBUG=1",
					"$(inherited)",
				);
				GCC_WARN_64_TO_32_BIT_CONVERSION = YES;
				GCC_WARN_ABOUT_RETURN_TYPE = YES_ERROR;
				GCC_WARN_UNDECLARED_SELECTOR = YES;
				GCC_WARN_UNINITIALIZED_AUTOS = YES_AGGRESSIVE;
				GCC_WARN_UNUSED_FUNCTION = YES;
				GCC_WARN_UNUSED_VARIABLE = YES;
				IPHONEOS_DEPLOYMENT_TARGET = 15.5;
				MTL_ENABLE_DEBUG_INFO = INCLUDE_SOURCE;
				MTL_FAST_MATH = YES;
				ONLY_ACTIVE_ARCH = YES;
				SDKROOT = iphoneos;
				SWIFT_ACTIVE_COMPILATION_CONDITIONS = DEBUG;
				SWIFT_OPTIMIZATION_LEVEL = "-Onone";
			};
			name = Debug;
		};
		1DFA03402903356500622073 /* Release */ = {
			isa = XCBuildConfiguration;
			buildSettings = {
				ALWAYS_SEARCH_USER_PATHS = NO;
				CLANG_ANALYZER_NONNULL = YES;
				CLANG_ANALYZER_NUMBER_OBJECT_CONVERSION = YES_AGGRESSIVE;
				CLANG_CXX_LANGUAGE_STANDARD = "gnu++17";
				CLANG_ENABLE_MODULES = YES;
				CLANG_ENABLE_OBJC_ARC = YES;
				CLANG_ENABLE_OBJC_WEAK = YES;
				CLANG_WARN_BLOCK_CAPTURE_AUTORELEASING = YES;
				CLANG_WARN_BOOL_CONVERSION = YES;
				CLANG_WARN_COMMA = YES;
				CLANG_WARN_CONSTANT_CONVERSION = YES;
				CLANG_WARN_DEPRECATED_OBJC_IMPLEMENTATIONS = YES;
				CLANG_WARN_DIRECT_OBJC_ISA_USAGE = YES_ERROR;
				CLANG_WARN_DOCUMENTATION_COMMENTS = YES;
				CLANG_WARN_EMPTY_BODY = YES;
				CLANG_WARN_ENUM_CONVERSION = YES;
				CLANG_WARN_INFINITE_RECURSION = YES;
				CLANG_WARN_INT_CONVERSION = YES;
				CLANG_WARN_NON_LITERAL_NULL_CONVERSION = YES;
				CLANG_WARN_OBJC_IMPLICIT_RETAIN_SELF = YES;
				CLANG_WARN_OBJC_LITERAL_CONVERSION = YES;
				CLANG_WARN_OBJC_ROOT_CLASS = YES_ERROR;
				CLANG_WARN_QUOTED_INCLUDE_IN_FRAMEWORK_HEADER = YES;
				CLANG_WARN_RANGE_LOOP_ANALYSIS = YES;
				CLANG_WARN_STRICT_PROTOTYPES = YES;
				CLANG_WARN_SUSPICIOUS_MOVE = YES;
				CLANG_WARN_UNGUARDED_AVAILABILITY = YES_AGGRESSIVE;
				CLANG_WARN_UNREACHABLE_CODE = YES;
				CLANG_WARN__DUPLICATE_METHOD_MATCH = YES;
				COPY_PHASE_STRIP = NO;
				DEBUG_INFORMATION_FORMAT = "dwarf-with-dsym";
				ENABLE_NS_ASSERTIONS = NO;
				ENABLE_STRICT_OBJC_MSGSEND = YES;
				GCC_C_LANGUAGE_STANDARD = gnu11;
				GCC_NO_COMMON_BLOCKS = YES;
				GCC_WARN_64_TO_32_BIT_CONVERSION = YES;
				GCC_WARN_ABOUT_RETURN_TYPE = YES_ERROR;
				GCC_WARN_UNDECLARED_SELECTOR = YES;
				GCC_WARN_UNINITIALIZED_AUTOS = YES_AGGRESSIVE;
				GCC_WARN_UNUSED_FUNCTION = YES;
				GCC_WARN_UNUSED_VARIABLE = YES;
				IPHONEOS_DEPLOYMENT_TARGET = 15.5;
				MTL_ENABLE_DEBUG_INFO = NO;
				MTL_FAST_MATH = YES;
				SDKROOT = iphoneos;
				SWIFT_COMPILATION_MODE = wholemodule;
				SWIFT_OPTIMIZATION_LEVEL = "-O";
				VALIDATE_PRODUCT = YES;
			};
			name = Release;
		};
		1DFA03422903356500622073 /* Debug */ = {
			isa = XCBuildConfiguration;
			buildSettings = {
				ASSETCATALOG_COMPILER_APPICON_NAME = AppIcon;
				ASSETCATALOG_COMPILER_GLOBAL_ACCENT_COLOR_NAME = AccentColor;
				CODE_SIGN_STYLE = Automatic;
				CURRENT_PROJECT_VERSION = 1;
				DEVELOPMENT_TEAM = JFBLHQ46UV;
				GENERATE_INFOPLIST_FILE = YES;
				INFOPLIST_FILE = TotalBill/SupportingFiles/Info.plist;
				INFOPLIST_KEY_UIApplicationSupportsIndirectInputEvents = YES;
				INFOPLIST_KEY_UILaunchStoryboardName = LaunchScreen;
				INFOPLIST_KEY_UISupportedInterfaceOrientations_iPad = "UIInterfaceOrientationPortrait UIInterfaceOrientationPortraitUpsideDown UIInterfaceOrientationLandscapeLeft UIInterfaceOrientationLandscapeRight";
				INFOPLIST_KEY_UISupportedInterfaceOrientations_iPhone = "UIInterfaceOrientationPortrait UIInterfaceOrientationLandscapeLeft UIInterfaceOrientationLandscapeRight";
				LD_RUNPATH_SEARCH_PATHS = (
					"$(inherited)",
					"@executable_path/Frameworks",
				);
				MARKETING_VERSION = 1.0;
				PRODUCT_BUNDLE_IDENTIFIER = "Alik-and-CO.TotalBill";
				PRODUCT_NAME = "$(TARGET_NAME)";
				SWIFT_EMIT_LOC_STRINGS = YES;
				SWIFT_VERSION = 5.0;
				TARGETED_DEVICE_FAMILY = 1;
			};
			name = Debug;
		};
		1DFA03432903356500622073 /* Release */ = {
			isa = XCBuildConfiguration;
			buildSettings = {
				ASSETCATALOG_COMPILER_APPICON_NAME = AppIcon;
				ASSETCATALOG_COMPILER_GLOBAL_ACCENT_COLOR_NAME = AccentColor;
				CODE_SIGN_STYLE = Automatic;
				CURRENT_PROJECT_VERSION = 1;
				DEVELOPMENT_TEAM = JFBLHQ46UV;
				GENERATE_INFOPLIST_FILE = YES;
				INFOPLIST_FILE = TotalBill/SupportingFiles/Info.plist;
				INFOPLIST_KEY_UIApplicationSupportsIndirectInputEvents = YES;
				INFOPLIST_KEY_UILaunchStoryboardName = LaunchScreen;
				INFOPLIST_KEY_UISupportedInterfaceOrientations_iPad = "UIInterfaceOrientationPortrait UIInterfaceOrientationPortraitUpsideDown UIInterfaceOrientationLandscapeLeft UIInterfaceOrientationLandscapeRight";
				INFOPLIST_KEY_UISupportedInterfaceOrientations_iPhone = "UIInterfaceOrientationPortrait UIInterfaceOrientationLandscapeLeft UIInterfaceOrientationLandscapeRight";
				LD_RUNPATH_SEARCH_PATHS = (
					"$(inherited)",
					"@executable_path/Frameworks",
				);
				MARKETING_VERSION = 1.0;
				PRODUCT_BUNDLE_IDENTIFIER = "Alik-and-CO.TotalBill";
				PRODUCT_NAME = "$(TARGET_NAME)";
				SWIFT_EMIT_LOC_STRINGS = YES;
				SWIFT_VERSION = 5.0;
				TARGETED_DEVICE_FAMILY = 1;
			};
			name = Release;
		};
/* End XCBuildConfiguration section */

/* Begin XCConfigurationList section */
		1DFA03282903356300622073 /* Build configuration list for PBXProject "TotalBill" */ = {
			isa = XCConfigurationList;
			buildConfigurations = (
				1DFA033F2903356500622073 /* Debug */,
				1DFA03402903356500622073 /* Release */,
			);
			defaultConfigurationIsVisible = 0;
			defaultConfigurationName = Release;
		};
		1DFA03412903356500622073 /* Build configuration list for PBXNativeTarget "TotalBill" */ = {
			isa = XCConfigurationList;
			buildConfigurations = (
				1DFA03422903356500622073 /* Debug */,
				1DFA03432903356500622073 /* Release */,
			);
			defaultConfigurationIsVisible = 0;
			defaultConfigurationName = Release;
		};
/* End XCConfigurationList section */
	};
	rootObject = 1DFA03252903356300622073 /* Project object */;
}
